[[package]]
name = "box2d"
version = "2.3.10"
description = "Python Box2D"
category = "main"
optional = false
python-versions = "*"

[[package]]
name = "imgui"
version = "1.3.0"
description = "Cython-based Python bindings for dear imgui"
category = "main"
optional = false
python-versions = "*"

[package.dependencies]
pyglet = [
    {version = "*", optional = true, markers = "sys_platform != \"darwin\" or sys_platform != \"darwin\" and extra == \"pyglet\""},
    {version = ">=1.5.6", optional = true, markers = "sys_platform == \"darwin\" or sys_platform == \"darwin\" and extra == \"pyglet\""},
]
PyOpenGL = {version = "*", optional = true, markers = "extra == \"pyglet\""}

[package.extras]
cython = ["Cython (>=0.24,<=0.28.2)"]
cocos2d = ["pyopengl", "cocos2d", "pyglet (>=1.5.6)"]
full = ["pyopengl", "Cython (>=0.24,<=0.28.2)", "glfw", "pygame", "cocos2d", "pysdl2", "pyglet", "pyglet (>=1.5.6)"]
glfw = ["pyopengl", "glfw"]
opengl = ["pyopengl"]
pygame = ["pyopengl", "pygame"]
pyglet = ["pyopengl", "pyglet", "pyglet (>=1.5.6)"]
sdl2 = ["pyopengl", "pysdl2"]

[[package]]
name = "numpy"
version = "1.20.1"
description = "NumPy is the fundamental package for array computing with Python."
category = "main"
optional = false
python-versions = ">=3.7"

[[package]]
name = "pyglet"
version = "1.5.15"
description = "Cross-platform windowing and multimedia library"
category = "main"
optional = false
python-versions = "*"

[[package]]
name = "pyopengl"
version = "3.1.5"
description = "Standard OpenGL bindings for Python"
category = "main"
optional = false
python-versions = "*"

[[package]]
name = "scipy"
version = "1.6.1"
description = "SciPy: Scientific Library for Python"
category = "main"
optional = false
python-versions = ">=3.7"

[package.dependencies]
numpy = ">=1.16.5"

[metadata]
lock-version = "1.1"
python-versions = "^3.8"
content-hash = "add3423977e9a63a46effd3cf2b4518011def414482c88592ca4f831775507b7"

[metadata.files]
box2d = [
    {file = "Box2D-2.3.10-cp27-cp27m-win32.whl", hash = "sha256:d7ec7cc89e0f6eef5fe713c5b6ff767725e4ff61a5a3cc15babf42563a842e80"},
    {file = "Box2D-2.3.10-cp35-cp35m-macosx_10_6_intel.whl", hash = "sha256:34928b2d5dc8479a0b3dfae39a44a0e7c7ad5a57cfbeba41d4fe48453bfaa77a"},
    {file = "Box2D-2.3.10-cp35-cp35m-manylinux1_i686.whl", hash = "sha256:0b55fbbe30e2e78e79c35473be94fc7aecba0a9d9d120e52170191b7975ff020"},
    {file = "Box2D-2.3.10-cp35-cp35m-manylinux1_x86_64.whl", hash = "sha256:54fe770d353257a779661a16fb559d7dfc4da831726eef232aebb75ae590dfb9"},
    {file = "Box2D-2.3.10-cp36-cp36m-macosx_10_9_x86_64.whl", hash = "sha256:dccfee7b64af849fb0d410ab3bdecd7b99115df228083b8f3782ea244875d22c"},
    {file = "Box2D-2.3.10-cp36-cp36m-manylinux1_i686.whl", hash = "sha256:9b9836bb36e7e44d6fddb77ccc7b3fff29d8a6bc638948ddd622fd45fdbaddda"},
    {file = "Box2D-2.3.10-cp36-cp36m-manylinux1_x86_64.whl", hash = "sha256:6c3bbca0e4eb0a681439c477fc6c7bdd4d8e9d93e9d18fd8dbae682467512049"},
    {file = "Box2D-2.3.10-cp36-cp36m-win32.whl", hash = "sha256:69e25c3fe590d8736163c5783d02cd3c5a0d50cb0e045672ff6e95e560d48fa3"},
    {file = "Box2D-2.3.10-cp36-cp36m-win_amd64.whl", hash = "sha256:257d8779decaa3ffbbfb7f7b3261e635775db1b93955ad95efbc8563a464bc7d"},
    {file = "Box2D-2.3.10-cp37-cp37m-macosx_10_9_x86_64.whl", hash = "sha256:d1d7f298b6c4f5e862fdeabd59a8b0e21269647cff615a3f76fea9d2934ad7ca"},
    {file = "Box2D-2.3.10-cp37-cp37m-manylinux1_i686.whl", hash = "sha256:e4870ae6caa491264456be1cdbceeba7f14de51a9fdaa19fa0e5871d22b519f6"},
    {file = "Box2D-2.3.10-cp37-cp37m-manylinux1_x86_64.whl", hash = "sha256:827e224751130ffc608b60fcb2d21390200cd5ea1cc86c15eae1b08abb3f1266"},
    {file = "Box2D-2.3.10-cp37-cp37m-win32.whl", hash = "sha256:dc682ba34473fdbd2d901a96db651662f7af09c423f98faca1cb430ed2c0188a"},
    {file = "Box2D-2.3.10-cp37-cp37m-win_amd64.whl", hash = "sha256:11687af5d483e54c3b1afe3d159e07830d6338b936950853a942b7a579b862b6"},
    {file = "Box2D-2.3.10-cp38-cp38-macosx_10_9_x86_64.whl", hash = "sha256:9dd6a58d2dcf1b3b2e91ce2b5d50b548f53cad055739fb3f2cfd6296bd5ed138"},
    {file = "Box2D-2.3.10-cp38-cp38-manylinux1_i686.whl", hash = "sha256:edf96b308df449b9051e6f8079c926cfa4106c065d04608594b91b9f6d1dcb43"},
    {file = "Box2D-2.3.10-cp38-cp38-manylinux1_x86_64.whl", hash = "sha256:802975ac751df1d7f5e98086503227cc74ad0033c7509eb0fb08d3dd9598fea9"},
    {file = "Box2D-2.3.10-cp38-cp38-win32.whl", hash = "sha256:dca4b52b75ceb0dcc7de0d07f5fee639c707326d8a266bb89994cd3f713859f8"},
    {file = "Box2D-2.3.10-cp38-cp38-win_amd64.whl", hash = "sha256:777f5d8f56ca10821f0e08363887058e94e9b1c5c1a6d5d007e5c2a93c0d6215"},
]
imgui = [
    {file = "imgui-1.3.0-cp27-cp27m-macosx_10_13_x86_64.whl", hash = "sha256:deceff102ad0dfdb6a07807647079bbf85f3101651e5ed8d57b2509ad256ea47"},
    {file = "imgui-1.3.0-cp27-cp27m-macosx_10_15_x86_64.whl", hash = "sha256:eadbff470218e0db50a0328e2e43f990e08d68a509a38ad6524907bfdfd80e22"},
    {file = "imgui-1.3.0-cp27-cp27m-manylinux1_i686.whl", hash = "sha256:fefa4a24dee982d4f480da613a591a77251abfe4eb6976e285a3a98770c159d6"},
    {file = "imgui-1.3.0-cp27-cp27m-manylinux1_x86_64.whl", hash = "sha256:2b1af4f8a12007869761f5678cf08ff5df9a49c7c55c70de01bceed9aad8417a"},
    {file = "imgui-1.3.0-cp27-cp27m-win32.whl", hash = "sha256:da0a7be826a74b8175985e38c2a4c8033f05605792e106e96d7639c0fed9dced"},
    {file = "imgui-1.3.0-cp27-cp27m-win_amd64.whl", hash = "sha256:582cfc00d5609e5aef221052cc117e59676f043c7df53b5d745130f098967fc3"},
    {file = "imgui-1.3.0-cp27-cp27mu-manylinux1_i686.whl", hash = "sha256:72ab10d47ac9f300407ba3ac173b7b3a49825bbacc8fca543ae3acc57938af82"},
    {file = "imgui-1.3.0-cp27-cp27mu-manylinux1_x86_64.whl", hash = "sha256:d0e853e48ef2c46fffed102f4bfa50113f0f5e9410f5f0309f48e6ea2b0b732d"},
    {file = "imgui-1.3.0-cp33-cp33m-win32.whl", hash = "sha256:d49ed1a2157ec410d71b1e749dffa706819bca94eda734c107a293dd3f02db5a"},
    {file = "imgui-1.3.0-cp33-cp33m-win_amd64.whl", hash = "sha256:98bf301ec4626ed49d8de9865e8678a5d48e5e5ce057c9c2dc0ec99e41f78fd8"},
    {file = "imgui-1.3.0-cp34-cp34m-win32.whl", hash = "sha256:40d111a43da317c66bbd17609cc94b4c0f1f9a565be512aa64df4642fe032281"},
    {file = "imgui-1.3.0-cp34-cp34m-win_amd64.whl", hash = "sha256:20053a22d1ea2723c280ed23178151935d448c95fdcc0ec58e17941fe4c9f234"},
    {file = "imgui-1.3.0-cp35-cp35m-macosx_10_15_x86_64.whl", hash = "sha256:218226f0aa4b3196878200928a17a3f8a77e960bd397d8fff5cdb1289b59435d"},
    {file = "imgui-1.3.0-cp35-cp35m-manylinux1_i686.whl", hash = "sha256:c41effd1a4db257592447d5d4cf89f9bd66c4a3aed639434af1a22920712d4c4"},
    {file = "imgui-1.3.0-cp35-cp35m-manylinux1_x86_64.whl", hash = "sha256:04b7d16ef58efaeebad11d5c5adb775fa5405b8081d116ae1911a2e697876745"},
    {file = "imgui-1.3.0-cp35-cp35m-win32.whl", hash = "sha256:eb3bf3f19e02b2224036c1edad69b95236c354898668eed0f913c7ec7383b7c7"},
    {file = "imgui-1.3.0-cp35-cp35m-win_amd64.whl", hash = "sha256:0498c4a5eb8689a889dea239ac6a04820c72fd9b52621266e62d44d1adf03b33"},
    {file = "imgui-1.3.0-cp36-cp36m-macosx_10_15_x86_64.whl", hash = "sha256:63d89a1bd5b8d35667823310fb33211a2f8ca41d69915970ea68520de64acb19"},
    {file = "imgui-1.3.0-cp36-cp36m-manylinux1_i686.whl", hash = "sha256:b70153868376c3365331d5ad8401140c9ac5cc409e870a266d009659f2c0000c"},
    {file = "imgui-1.3.0-cp36-cp36m-manylinux1_x86_64.whl", hash = "sha256:2bbe8a5fdbd225b1444b970e4206335c835d276384c4bb749b4c2a200b7569b9"},
    {file = "imgui-1.3.0-cp36-cp36m-win32.whl", hash = "sha256:c3269dda813915ce461e40424f0367a0116b69ca58378357a8b9f0d826c7e9d3"},
    {file = "imgui-1.3.0-cp36-cp36m-win_amd64.whl", hash = "sha256:880f3e3c972d5044d81e10de5b7a58d486eb9ddc8732d980f336179ba3fd5882"},
    {file = "imgui-1.3.0-cp37-cp37m-macosx_10_15_x86_64.whl", hash = "sha256:3dd49d6ad920da495ca71aca08dffa99769cfbde046b390a62efd223a5b9ceed"},
    {file = "imgui-1.3.0-cp37-cp37m-manylinux1_i686.whl", hash = "sha256:6d8cbe79dc339acf35e9cb9f9f8703f80c61beb46ed08199a9de3b680e42bff8"},
    {file = "imgui-1.3.0-cp37-cp37m-manylinux1_x86_64.whl", hash = "sha256:0f6d2cc2a6282810a95e6ea97537b85e272832aee19e56643c8b8cecee52d33e"},
    {file = "imgui-1.3.0-cp37-cp37m-win32.whl", hash = "sha256:7b91207fcf6fe6a3fcbb5fc23588a3fdf674f4d68d02fc2ae19d3a6435aedb2d"},
    {file = "imgui-1.3.0-cp37-cp37m-win_amd64.whl", hash = "sha256:ae079d54ba5fb8d0402701656af70122b467ed63bd8ee5dc5e4f46b5dad76159"},
    {file = "imgui-1.3.0-cp38-cp38-macosx_10_15_x86_64.whl", hash = "sha256:bec35bcbb8ac3d1151c2655cb5a00b77754e536f4c4efa4471c588f4d535e7ff"},
    {file = "imgui-1.3.0-cp38-cp38-manylinux1_i686.whl", hash = "sha256:84541d88791776f25458db0637b9b54e5904aeffcc9b8afa4068a82d84ff55c8"},
    {file = "imgui-1.3.0-cp38-cp38-manylinux1_x86_64.whl", hash = "sha256:e00d3534bad0a8cc1734ecd767a6876da47643d54dc161d4a219a4ae5b2f9ba4"},
    {file = "imgui-1.3.0-cp38-cp38-win32.whl", hash = "sha256:e8f42abb059360b0484843f6e17fa20eec327e1d0584e10db56b554cdd6e0c96"},
    {file = "imgui-1.3.0-cp38-cp38-win_amd64.whl", hash = "sha256:53fc20f19e6082e9e69efcdef07f63e0626c69c1e91091c4851e02ee39b6a131"},
    {file = "imgui-1.3.0-cp39-cp39-macosx_10_15_x86_64.whl", hash = "sha256:0c87833f6b00b619931e533eacd437cb6d795d3aa39b8cd625db580372a04d6c"},
    {file = "imgui-1.3.0-cp39-cp39-manylinux1_i686.whl", hash = "sha256:4b082c15a764167cc2d816bdbdb1a24ebc323dc2a59502d1028c6ce4c2deb093"},
    {file = "imgui-1.3.0-cp39-cp39-manylinux1_x86_64.whl", hash = "sha256:518c1e44741727f9594c818b0fb8f4da073bc4a9897d3037f3c0015ea8dc3f2a"},
    {file = "imgui-1.3.0-cp39-cp39-win32.whl", hash = "sha256:30dbb6344abc13d40fc64230dd9572a5f5e955da28b4e2a461f26efb5451afe6"},
    {file = "imgui-1.3.0-cp39-cp39-win_amd64.whl", hash = "sha256:e5cdc4b3617732594e29cb0ae08c6f233ffe36cccfbded1d835c98153180dc5f"},
    {file = "imgui-1.3.0.tar.gz", hash = "sha256:6f01536f2b8378f7a6e49b9d47138dbcb79333d7b03c5c7f39b18e26deeabf1f"},
]
numpy = [
    {file = "numpy-1.20.1-cp37-cp37m-macosx_10_9_x86_64.whl", hash = "sha256:ae61f02b84a0211abb56462a3b6cd1e7ec39d466d3160eb4e1da8bf6717cdbeb"},
    {file = "numpy-1.20.1-cp37-cp37m-manylinux1_i686.whl", hash = "sha256:65410c7f4398a0047eea5cca9b74009ea61178efd78d1be9847fac1d6716ec1e"},
    {file = "numpy-1.20.1-cp37-cp37m-manylinux1_x86_64.whl", hash = "sha256:2d7e27442599104ee08f4faed56bb87c55f8b10a5494ac2ead5c98a4b289e61f"},
    {file = "numpy-1.20.1-cp37-cp37m-manylinux2010_i686.whl", hash = "sha256:4ed8e96dc146e12c1c5cdd6fb9fd0757f2ba66048bf94c5126b7efebd12d0090"},
    {file = "numpy-1.20.1-cp37-cp37m-manylinux2010_x86_64.whl", hash = "sha256:ecb5b74c702358cdc21268ff4c37f7466357871f53a30e6f84c686952bef16a9"},
    {file = "numpy-1.20.1-cp37-cp37m-manylinux2014_aarch64.whl", hash = "sha256:b9410c0b6fed4a22554f072a86c361e417f0258838957b78bd063bde2c7f841f"},
    {file = "numpy-1.20.1-cp37-cp37m-win32.whl", hash = "sha256:3d3087e24e354c18fb35c454026af3ed8997cfd4997765266897c68d724e4845"},
    {file = "numpy-1.20.1-cp37-cp37m-win_amd64.whl", hash = "sha256:89f937b13b8dd17b0099c7c2e22066883c86ca1575a975f754babc8fbf8d69a9"},
    {file = "numpy-1.20.1-cp38-cp38-macosx_10_9_x86_64.whl", hash = "sha256:a1d7995d1023335e67fb070b2fae6f5968f5be3802b15ad6d79d81ecaa014fe0"},
    {file = "numpy-1.20.1-cp38-cp38-manylinux1_i686.whl", hash = "sha256:60759ab15c94dd0e1ed88241fd4fa3312db4e91d2c8f5a2d4cf3863fad83d65b"},
    {file = "numpy-1.20.1-cp38-cp38-manylinux1_x86_64.whl", hash = "sha256:125a0e10ddd99a874fd357bfa1b636cd58deb78ba4a30b5ddb09f645c3512e04"},
    {file = "numpy-1.20.1-cp38-cp38-manylinux2010_i686.whl", hash = "sha256:c26287dfc888cf1e65181f39ea75e11f42ffc4f4529e5bd19add57ad458996e2"},
    {file = "numpy-1.20.1-cp38-cp38-manylinux2010_x86_64.whl", hash = "sha256:7199109fa46277be503393be9250b983f325880766f847885607d9b13848f257"},
    {file = "numpy-1.20.1-cp38-cp38-manylinux2014_aarch64.whl", hash = "sha256:72251e43ac426ff98ea802a931922c79b8d7596480300eb9f1b1e45e0543571e"},
    {file = "numpy-1.20.1-cp38-cp38-win32.whl", hash = "sha256:c91ec9569facd4757ade0888371eced2ecf49e7982ce5634cc2cf4e7331a4b14"},
    {file = "numpy-1.20.1-cp38-cp38-win_amd64.whl", hash = "sha256:13adf545732bb23a796914fe5f891a12bd74cf3d2986eed7b7eba2941eea1590"},
    {file = "numpy-1.20.1-cp39-cp39-macosx_10_9_x86_64.whl", hash = "sha256:104f5e90b143dbf298361a99ac1af4cf59131218a045ebf4ee5990b83cff5fab"},
    {file = "numpy-1.20.1-cp39-cp39-manylinux2010_i686.whl", hash = "sha256:89e5336f2bec0c726ac7e7cdae181b325a9c0ee24e604704ed830d241c5e47ff"},
    {file = "numpy-1.20.1-cp39-cp39-manylinux2010_x86_64.whl", hash = "sha256:032be656d89bbf786d743fee11d01ef318b0781281241997558fa7950028dd29"},
    {file = "numpy-1.20.1-cp39-cp39-manylinux2014_aarch64.whl", hash = "sha256:66b467adfcf628f66ea4ac6430ded0614f5cc06ba530d09571ea404789064adc"},
    {file = "numpy-1.20.1-cp39-cp39-win32.whl", hash = "sha256:12e4ba5c6420917571f1a5becc9338abbde71dd811ce40b37ba62dec7b39af6d"},
    {file = "numpy-1.20.1-cp39-cp39-win_amd64.whl", hash = "sha256:9c94cab5054bad82a70b2e77741271790304651d584e2cdfe2041488e753863b"},
    {file = "numpy-1.20.1-pp37-pypy37_pp73-manylinux2010_x86_64.whl", hash = "sha256:9eb551d122fadca7774b97db8a112b77231dcccda8e91a5bc99e79890797175e"},
    {file = "numpy-1.20.1.zip", hash = "sha256:3bc63486a870294683980d76ec1e3efc786295ae00128f9ea38e2c6e74d5a60a"},
]
pyglet = [
    {file = "pyglet-1.5.15-py3-none-any.whl", hash = "sha256:4401cc176580e4e17e2df8bbf7536f27e691327dc3f38f209a12f1859c70aed2"},
    {file = "pyglet-1.5.15.zip", hash = "sha256:da9d8337388cedabf1f1c5dc21a45bb2b0e5327fba47f996c8573818c3dfa478"},
]
pyopengl = [
    {file = "PyOpenGL-3.1.5-py2-none-any.whl", hash = "sha256:11ad32c7bde7ea0ffb7a94dd552c639ca72376982a8dd6fe0c092d2002a4ca6e"},
    {file = "PyOpenGL-3.1.5-py3-none-any.whl", hash = "sha256:36b4ac28220e4bfa29e5557525ad2967ca74558a94bccea48864fc742b18db11"},
    {file = "PyOpenGL-3.1.5.tar.gz", hash = "sha256:4107ba0d0390da5766a08c242cf0cf3404c377ed293c5f6d701e457c57ba3424"},
]
scipy = [
    {file = "scipy-1.6.1-cp37-cp37m-macosx_10_9_x86_64.whl", hash = "sha256:a15a1f3fc0abff33e792d6049161b7795909b40b97c6cc2934ed54384017ab76"},
    {file = "scipy-1.6.1-cp37-cp37m-manylinux1_i686.whl", hash = "sha256:e79570979ccdc3d165456dd62041d9556fb9733b86b4b6d818af7a0afc15f092"},
    {file = "scipy-1.6.1-cp37-cp37m-manylinux1_x86_64.whl", hash = "sha256:a423533c55fec61456dedee7b6ee7dce0bb6bfa395424ea374d25afa262be261"},
    {file = "scipy-1.6.1-cp37-cp37m-manylinux2014_aarch64.whl", hash = "sha256:33d6b7df40d197bdd3049d64e8e680227151673465e5d85723b3b8f6b15a6ced"},
    {file = "scipy-1.6.1-cp37-cp37m-win32.whl", hash = "sha256:6725e3fbb47da428794f243864f2297462e9ee448297c93ed1dcbc44335feb78"},
    {file = "scipy-1.6.1-cp37-cp37m-win_amd64.whl", hash = "sha256:5fa9c6530b1661f1370bcd332a1e62ca7881785cc0f80c0d559b636567fab63c"},
    {file = "scipy-1.6.1-cp38-cp38-macosx_10_9_x86_64.whl", hash = "sha256:bd50daf727f7c195e26f27467c85ce653d41df4358a25b32434a50d8870fc519"},
    {file = "scipy-1.6.1-cp38-cp38-manylinux1_i686.whl", hash = "sha256:f46dd15335e8a320b0fb4685f58b7471702234cba8bb3442b69a3e1dc329c345"},
    {file = "scipy-1.6.1-cp38-cp38-manylinux1_x86_64.whl", hash = "sha256:0e5b0ccf63155d90da576edd2768b66fb276446c371b73841e3503be1d63fb5d"},
    {file = "scipy-1.6.1-cp38-cp38-manylinux2014_aarch64.whl", hash = "sha256:2481efbb3740977e3c831edfd0bd9867be26387cacf24eb5e366a6a374d3d00d"},
    {file = "scipy-1.6.1-cp38-cp38-win32.whl", hash = "sha256:68cb4c424112cd4be886b4d979c5497fba190714085f46b8ae67a5e4416c32b4"},
    {file = "scipy-1.6.1-cp38-cp38-win_amd64.whl", hash = "sha256:5f331eeed0297232d2e6eea51b54e8278ed8bb10b099f69c44e2558c090d06bf"},
    {file = "scipy-1.6.1-cp39-cp39-macosx_10_9_x86_64.whl", hash = "sha256:0c8a51d33556bf70367452d4d601d1742c0e806cd0194785914daf19775f0e67"},
    {file = "scipy-1.6.1-cp39-cp39-manylinux1_i686.whl", hash = "sha256:83bf7c16245c15bc58ee76c5418e46ea1811edcc2e2b03041b804e46084ab627"},
    {file = "scipy-1.6.1-cp39-cp39-manylinux1_x86_64.whl", hash = "sha256:794e768cc5f779736593046c9714e0f3a5940bc6dcc1dba885ad64cbfb28e9f0"},
    {file = "scipy-1.6.1-cp39-cp39-manylinux2014_aarch64.whl", hash = "sha256:5da5471aed911fe7e52b86bf9ea32fb55ae93e2f0fac66c32e58897cfb02fa07"},
    {file = "scipy-1.6.1-cp39-cp39-win32.whl", hash = "sha256:8e403a337749ed40af60e537cc4d4c03febddcc56cd26e774c9b1b600a70d3e4"},
    {file = "scipy-1.6.1-cp39-cp39-win_amd64.whl", hash = "sha256:a5193a098ae9f29af283dcf0041f762601faf2e595c0db1da929875b7570353f"},
    {file = "scipy-1.6.1.tar.gz", hash = "sha256:c4fceb864890b6168e79b0e714c585dbe2fd4222768ee90bc1aa0f8218691b11"},
]
